schema: '2.0'
stages:
  prepare:
    cmd: python ./phishing-detection/phishing_detection/get_data.py data
    deps:
    - path: data/test.txt
      hash: md5
      md5: a1cab28ad8554fd9269d31e5708469d0
      size: 32724891
    - path: data/train.txt
      hash: md5
      md5: 13fd241a41370119612d5b00b0433009
      size: 93921671
    - path: data/val.txt
      hash: md5
      md5: 7b1e28b1e91582c6f36e85517c3cc6ee
      size: 46258330
    - path: phishing-detection/phishing_detection/get_data.py
      hash: md5
      md5: 19dd7b6be5f5d4155d3a186e400f328c
      size: 1796
    outs:
    - path: data/raw/X_test.txt
      hash: md5
      md5: 609e75fbf12e4f1ac9bdc1e40bf8c028
      size: 29043540
    - path: data/raw/X_train.txt
      hash: md5
      md5: 761b3fe3977c171bc5451c08d217f9cb
      size: 83350996
    - path: data/raw/X_val.txt
      hash: md5
      md5: c74e4e1c602207a00f9a7d0b6f5cd612
      size: 41051954
    - path: data/raw/y_test.txt
      hash: md5
      md5: ee87127d4d350f71855f7645118a14e2
      size: 3681252
    - path: data/raw/y_train.txt
      hash: md5
      md5: a1baa255faeadb22c2b820464989699e
      size: 10570508
    - path: data/raw/y_val.txt
      hash: md5
      md5: e1b4662a77e310d40d02a627f0a5e26c
      size: 5206339
  preprocess:
    cmd: python ./phishing-detection/phishing_detection/preprocess.py data
    deps:
    - path: data/raw/X_test.txt
      hash: md5
      md5: 609e75fbf12e4f1ac9bdc1e40bf8c028
      size: 29043540
    - path: data/raw/X_train.txt
      hash: md5
      md5: 761b3fe3977c171bc5451c08d217f9cb
      size: 83350996
    - path: data/raw/X_val.txt
      hash: md5
      md5: c74e4e1c602207a00f9a7d0b6f5cd612
      size: 41051954
    - path: data/raw/y_test.txt
      hash: md5
      md5: ee87127d4d350f71855f7645118a14e2
      size: 3681252
    - path: data/raw/y_train.txt
      hash: md5
      md5: a1baa255faeadb22c2b820464989699e
      size: 10570508
    - path: data/raw/y_val.txt
      hash: md5
      md5: e1b4662a77e310d40d02a627f0a5e26c
      size: 5206339
    - path: phishing-detection/phishing_detection/preprocess.py
      hash: md5
      md5: 79ff87419fae0f3e0b6a8a2bd80f5891
      size: 3403
    outs:
    - path: data/preprocess/X_test.npy
      hash: md5
      md5: 23fa98d19a833016d86142c36cecda27
      size: 291358528
    - path: data/preprocess/X_train.npy
      hash: md5
      md5: d81af1c35a77cdeac4d8ccee76cc939e
      size: 836619328
    - path: data/preprocess/X_val.npy
      hash: md5
      md5: 22128e9681506e90a2b437d45da5f8cf
      size: 412063328
    - path: data/preprocess/char_index.json
      hash: md5
      md5: fe87b0a484b3b60b50fd58cd538aaaae
      size: 639
    - path: data/preprocess/y_test.npy
      hash: md5
      md5: 86612dc0b79d11ee7dcf2d30c62811eb
      size: 2913712
    - path: data/preprocess/y_train.npy
      hash: md5
      md5: 9b660634af0db95a6e2932208bc73b91
      size: 8366320
    - path: data/preprocess/y_val.npy
      hash: md5
      md5: 7d7c949969abb0303ea9373bf519cc84
      size: 4120760
  train:
    cmd:
    - python .\phishing-detection\phishing_detection\model_definition.py data
    - python .\phishing-detection\phishing_detection\train.py data
    deps:
    - path: data/preprocess/X_train.npy
      hash: md5
      md5: d81af1c35a77cdeac4d8ccee76cc939e
      size: 836619328
    - path: data/preprocess/X_val.npy
      hash: md5
      md5: 22128e9681506e90a2b437d45da5f8cf
      size: 412063328
    - path: data/preprocess/char_index.json
      hash: md5
      md5: fe87b0a484b3b60b50fd58cd538aaaae
      size: 639
    - path: data/preprocess/y_train.npy
      hash: md5
      md5: 9b660634af0db95a6e2932208bc73b91
      size: 8366320
    - path: data/preprocess/y_val.npy
      hash: md5
      md5: 1d5fa5d29393e97dbba3a5cd32813e14
      size: 2060444
    - path: phishing-detection\phishing_detection\model_definition.py
      hash: md5
      md5: a9147652d192df0b0c96b81a17835a28
      size: 2391
    - path: phishing-detection\phishing_detection\train.py
      hash: md5
      md5: de203b5cebd4d6fb83cd5dd841f5e822
      size: 1827
    outs:
    - path: data/model/initial_model.keras
      hash: md5
      md5: 255cd6f4714465b48042fd4307213a5f
      size: 49737
    - path: data/model/trained_model.keras
      hash: md5
      md5: cea8f013980cb2b9f982c56c10d9f773
      size: 5472435
  test:
    cmd: python .\phishing-detection\phishing_detection\predict.py data
    deps:
    - path: data/model/trained_model.keras
      hash: md5
      md5: cea8f013980cb2b9f982c56c10d9f773
      size: 5472435
    - path: data/preprocess/X_test.npy
      hash: md5
      md5: 23fa98d19a833016d86142c36cecda27
      size: 291358528
    - path: data/preprocess/y_test.npy
      hash: md5
      md5: 311ff57eefa708370ff251eabff39a65
      size: 1456920
    - path: phishing-detection\phishing_detection\predict.py
      hash: md5
      md5: 4ccca662abbfa46adaf5d758052f70db
      size: 3148
    outs:
    - path: data/results/confusion_matrix.pdf
      hash: md5
      md5: d43d5e73ad588cc473fd448e1561e4a2
      size: 13645
    - path: data/results/results.txt
      hash: md5
      md5: 4c24ed3cfccea4b4e08cc753e8a82f51
      size: 51
